// !$*UTF8*$!
{
	archiveVersion = 1;
	classes = {
	};
	objectVersion = 46;
	objects = {

/* Begin PBXBuildFile section */
		502D8DF41C06C2CC000D1C98 /* BtnView.xib in Resources */ = {isa = PBXBuildFile; fileRef = 502D8DF31C06C2CC000D1C98 /* BtnView.xib */; };
		502D8DF71C06C2EA000D1C98 /* BtnView.m in Sources */ = {isa = PBXBuildFile; fileRef = 502D8DF61C06C2EA000D1C98 /* BtnView.m */; };
		5069D3E21C04939E006C63EE /* main.m in Sources */ = {isa = PBXBuildFile; fileRef = 5069D3E11C04939E006C63EE /* main.m */; };
		5069D3E51C04939E006C63EE /* AppDelegate.m in Sources */ = {isa = PBXBuildFile; fileRef = 5069D3E41C04939E006C63EE /* AppDelegate.m */; };
		5069D3E81C04939E006C63EE /* ViewController.m in Sources */ = {isa = PBXBuildFile; fileRef = 5069D3E71C04939E006C63EE /* ViewController.m */; };
		5069D3EB1C04939E006C63EE /* Main.storyboard in Resources */ = {isa = PBXBuildFile; fileRef = 5069D3E91C04939E006C63EE /* Main.storyboard */; };
		5069D3ED1C04939E006C63EE /* Assets.xcassets in Resources */ = {isa = PBXBuildFile; fileRef = 5069D3EC1C04939E006C63EE /* Assets.xcassets */; };
		5069D3F01C04939E006C63EE /* LaunchScreen.storyboard in Resources */ = {isa = PBXBuildFile; fileRef = 5069D3EE1C04939E006C63EE /* LaunchScreen.storyboard */; };
		5085A37B1C04958A004592F5 /* questions.plist in Resources */ = {isa = PBXBuildFile; fileRef = 5085A37A1C04958A004592F5 /* questions.plist */; };
		5085A37E1C055BF8004592F5 /* WABQuestion.m in Sources */ = {isa = PBXBuildFile; fileRef = 5085A37D1C055BF8004592F5 /* WABQuestion.m */; };
/* End PBXBuildFile section */

/* Begin PBXFileReference section */
		502D8DF31C06C2CC000D1C98 /* BtnView.xib */ = {isa = PBXFileReference; fileEncoding = 4; lastKnownFileType = file.xib; path = BtnView.xib; sourceTree = "<group>"; };
		502D8DF51C06C2EA000D1C98 /* BtnView.h */ = {isa = PBXFileReference; fileEncoding = 4; lastKnownFileType = sourcecode.c.h; path = BtnView.h; sourceTree = "<group>"; };
		502D8DF61C06C2EA000D1C98 /* BtnView.m */ = {isa = PBXFileReference; fileEncoding = 4; lastKnownFileType = sourcecode.c.objc; path = BtnView.m; sourceTree = "<group>"; };
		5069D3DD1C04939E006C63EE /* 超级猜图.app */ = {isa = PBXFileReference; explicitFileType = wrapper.application; includeInIndex = 0; path = "超级猜图.app"; sourceTree = BUILT_PRODUCTS_DIR; };
		5069D3E11C04939E006C63EE /* main.m */ = {isa = PBXFileReference; lastKnownFileType = sourcecode.c.objc; path = main.m; sourceTree = "<group>"; };
		5069D3E31C04939E006C63EE /* AppDelegate.h */ = {isa = PBXFileReference; lastKnownFileType = sourcecode.c.h; path = AppDelegate.h; sourceTree = "<group>"; };
		5069D3E41C04939E006C63EE /* AppDelegate.m */ = {isa = PBXFileReference; lastKnownFileType = sourcecode.c.objc; path = AppDelegate.m; sourceTree = "<group>"; };
		5069D3E61C04939E006C63EE /* ViewController.h */ = {isa = PBXFileReference; lastKnownFileType = sourcecode.c.h; path = ViewController.h; sourceTree = "<group>"; };
		5069D3E71C04939E006C63EE /* ViewController.m */ = {isa = PBXFileReference; lastKnownFileType = sourcecode.c.objc; path = ViewController.m; sourceTree = "<group>"; };
		5069D3EA1C04939E006C63EE /* Base */ = {isa = PBXFileReference; lastKnownFileType = file.storyboard; name = Base; path = Base.lproj/Main.storyboard; sourceTree = "<group>"; };
		5069D3EC1C04939E006C63EE /* Assets.xcassets */ = {isa = PBXFileReference; lastKnownFileType = folder.assetcatalog; path = Assets.xcassets; sourceTree = "<group>"; };
		5069D3EF1C04939E006C63EE /* Base */ = {isa = PBXFileReference; lastKnownFileType = file.storyboard; name = Base; path = Base.lproj/LaunchScreen.storyboard; sourceTree = "<group>"; };
		5069D3F11C04939E006C63EE /* Info.plist */ = {isa = PBXFileReference; lastKnownFileType = text.plist.xml; path = Info.plist; sourceTree = "<group>"; };
		5085A37A1C04958A004592F5 /* questions.plist */ = {isa = PBXFileReference; fileEncoding = 4; lastKnownFileType = text.plist.xml; path = questions.plist; sourceTree = "<group>"; };
		5085A37C1C055BF8004592F5 /* WABQuestion.h */ = {isa = PBXFileReference; fileEncoding = 4; lastKnownFileType = sourcecode.c.h; path = WABQuestion.h; sourceTree = "<group>"; };
		5085A37D1C055BF8004592F5 /* WABQuestion.m */ = {isa = PBXFileReference; fileEncoding = 4; lastKnownFileType = sourcecode.c.objc; path = WABQuestion.m; sourceTree = "<group>"; };
/* End PBXFileReference section */

/* Begin PBXFrameworksBuildPhase section */
		5069D3DA1C04939E006C63EE /* Frameworks */ = {
			isa = PBXFrameworksBuildPhase;
			buildActionMask = 2147483647;
			files = (
			);
			runOnlyForDeploymentPostprocessing = 0;
		};
/* End PBXFrameworksBuildPhase section */

/* Begin PBXGroup section */
		5069D3D41C04939E006C63EE = {
			isa = PBXGroup;
			children = (
				5069D3DF1C04939E006C63EE /* 超级猜图 */,
				5069D3DE1C04939E006C63EE /* Products */,
			);
			sourceTree = "<group>";
		};
		5069D3DE1C04939E006C63EE /* Products */ = {
			isa = PBXGroup;
			children = (
				5069D3DD1C04939E006C63EE /* 超级猜图.app */,
			);
			name = Products;
			sourceTree = "<group>";
		};
		5069D3DF1C04939E006C63EE /* 超级猜图 */ = {
			isa = PBXGroup;
			children = (
				5069D3E31C04939E006C63EE /* AppDelegate.h */,
				502D8DF31C06C2CC000D1C98 /* BtnView.xib */,
				502D8DF51C06C2EA000D1C98 /* BtnView.h */,
				502D8DF61C06C2EA000D1C98 /* BtnView.m */,
				5069D3E41C04939E006C63EE /* AppDelegate.m */,
				5069D3E61C04939E006C63EE /* ViewController.h */,
				5069D3E71C04939E006C63EE /* ViewController.m */,
				5069D3E91C04939E006C63EE /* Main.storyboard */,
				5085A37C1C055BF8004592F5 /* WABQuestion.h */,
				5085A37D1C055BF8004592F5 /* WABQuestion.m */,
				5069D3EC1C04939E006C63EE /* Assets.xcassets */,
				5069D3EE1C04939E006C63EE /* LaunchScreen.storyboard */,
				5085A37A1C04958A004592F5 /* questions.plist */,
				5069D3F11C04939E006C63EE /* Info.plist */,
				5069D3E01C04939E006C63EE /* Supporting Files */,
			);
			path = "超级猜图";
			sourceTree = "<group>";
		};
		5069D3E01C04939E006C63EE /* Supporting Files */ = {
			isa = PBXGroup;
			children = (
				5069D3E11C04939E006C63EE /* main.m */,
			);
			name = "Supporting Files";
			sourceTree = "<group>";
		};
/* End PBXGroup section */

/* Begin PBXNativeTarget section */
		5069D3DC1C04939E006C63EE /* 超级猜图 */ = {
			isa = PBXNativeTarget;
			buildConfigurationList = 5069D3F41C04939E006C63EE /* Build configuration list for PBXNativeTarget "超级猜图" */;
			buildPhases = (
				5069D3D91C04939E006C63EE /* Sources */,
				5069D3DA1C04939E006C63EE /* Frameworks */,
				5069D3DB1C04939E006C63EE /* Resources */,
			);
			buildRules = (
			);
			dependencies = (
			);
			name = "超级猜图";
			productName = "超级猜图";
			productReference = 5069D3DD1C04939E006C63EE /* 超级猜图.app */;
			productType = "com.apple.product-type.application";
		};
/* End PBXNativeTarget section */

/* Begin PBXProject section */
		5069D3D51C04939E006C63EE /* Project object */ = {
			isa = PBXProject;
			attributes = {
				LastUpgradeCheck = 0710;
				ORGANIZATIONNAME = angelowang;
				TargetAttributes = {
					5069D3DC1C04939E006C63EE = {
						CreatedOnToolsVersion = 7.1.1;
					};
				};
			};
			buildConfigurationList = 5069D3D81C04939E006C63EE /* Build configuration list for PBXProject "超级猜图" */;
			compatibilityVersion = "Xcode 3.2";
			developmentRegion = English;
			hasScannedForEncodings = 0;
			knownRegions = (
				en,
				Base,
			);
			mainGroup = 5069D3D41C04939E006C63EE;
			productRefGroup = 5069D3DE1C04939E006C63EE /* Products */;
			projectDirPath = "";
			projectRoot = "";
			targets = (
				5069D3DC1C04939E006C63EE /* 超级猜图 */,
			);
		};
/* End PBXProject section */

/* Begin PBXResourcesBuildPhase section */
		5069D3DB1C04939E006C63EE /* Resources */ = {
			isa = PBXResourcesBuildPhase;
			buildActionMask = 2147483647;
			files = (
				502D8DF41C06C2CC000D1C98 /* BtnView.xib in Resources */,
				5085A37B1C04958A004592F5 /* questions.plist in Resources */,
				5069D3F01C04939E006C63EE /* LaunchScreen.storyboard in Resources */,
				5069D3ED1C04939E006C63EE /* Assets.xcassets in Resources */,
				5069D3EB1C04939E006C63EE /* Main.storyboard in Resources */,
			);
			runOnlyForDeploymentPostprocessing = 0;
		};
/* End PBXResourcesBuildPhase section */

/* Begin PBXSourcesBuildPhase section */
		5069D3D91C04939E006C63EE /* Sources */ = {
			isa = PBXSourcesBuildPhase;
			buildActionMask = 2147483647;
			files = (
				5069D3E81C04939E006C63EE /* ViewController.m in Sources */,
				5069D3E51C04939E006C63EE /* AppDelegate.m in Sources */,
				5085A37E1C055BF8004592F5 /* WABQuestion.m in Sources */,
				502D8DF71C06C2EA000D1C98 /* BtnView.m in Sources */,
				5069D3E21C04939E006C63EE /* main.m in Sources */,
			);
			runOnlyForDeploymentPostprocessing = 0;
		};
/* End PBXSourcesBuildPhase section */

/* Begin PBXVariantGroup section */
		5069D3E91C04939E006C63EE /* Main.storyboard */ = {
			isa = PBXVariantGroup;
			children = (
				5069D3EA1C04939E006C63EE /* Base */,
			);
			name = Main.storyboard;
			sourceTree = "<group>";
		};
		5069D3EE1C04939E006C63EE /* LaunchScreen.storyboard */ = {
			isa = PBXVariantGroup;
			children = (
				5069D3EF1C04939E006C63EE /* Base */,
			);
			name = LaunchScreen.storyboard;
			sourceTree = "<group>";
		};
/* End PBXVariantGroup section */

/* Begin XCBuildConfiguration section */
		5069D3F21C04939E006C63EE /* Debug */ = {
			isa = XCBuildConfiguration;
			buildSettings = {
				ALWAYS_SEARCH_USER_PATHS = NO;
				CLANG_CXX_LANGUAGE_STANDARD = "gnu++0x";
				CLANG_CXX_LIBRARY = "libc++";
				CLANG_ENABLE_MODULES = YES;
				CLANG_ENABLE_OBJC_ARC = YES;
				CLANG_WARN_BOOL_CONVERSION = YES;
				CLANG_WARN_CONSTANT_CONVERSION = YES;
				CLANG_WARN_DIRECT_OBJC_ISA_USAGE = YES_ERROR;
				CLANG_WARN_EMPTY_BODY = YES;
				CLANG_WARN_ENUM_CONVERSION = YES;
				CLANG_WARN_INT_CONVERSION = YES;
				CLANG_WARN_OBJC_ROOT_CLASS = YES_ERROR;
				CLANG_WARN_UNREACHABLE_CODE = YES;
				CLANG_WARN__DUPLICATE_METHOD_MATCH = YES;
				"CODE_SIGN_IDENTITY[sdk=iphoneos*]" = "iPhone Developer";
				COPY_PHASE_STRIP = NO;
				DEBUG_INFORMATION_FORMAT = dwarf;
				ENABLE_STRICT_OBJC_MSGSEND = YES;
				ENABLE_TESTABILITY = YES;
				GCC_C_LANGUAGE_STANDARD = gnu99;
				GCC_DYNAMIC_NO_PIC = NO;
				GCC_NO_COMMON_BLOCKS = YES;
				GCC_OPTIMIZATION_LEVEL = 0;
				GCC_PREPROCESSOR_DEFINITIONS = (
					"DEBUG=1",
					"$(inherited)",
				);
				GCC_WARN_64_TO_32_BIT_CONVERSION = YES;
				GCC_WARN_ABOUT_RETURN_TYPE = YES_ERROR;
				GCC_WARN_UNDECLARED_SELECTOR = YES;
				GCC_WARN_UNINITIALIZED_AUTOS = YES_AGGRESSIVE;
				GCC_WARN_UNUSED_FUNCTION = YES;
				GCC_WARN_UNUSED_VARIABLE = YES;
				IPHONEOS_DEPLOYMENT_TARGET = 9.1;
				MTL_ENABLE_DEBUG_INFO = YES;
				ONLY_ACTIVE_ARCH = YES;
				SDKROOT = iphoneos;
			};
			name = Debug;
		};
		5069D3F31C04939E006C63EE /* Release */ = {
			isa = XCBuildConfiguration;
			buildSettings = {
				ALWAYS_SEARCH_USER_PATHS = NO;
				CLANG_CXX_LANGUAGE_STANDARD = "gnu++0x";
				CLANG_CXX_LIBRARY = "libc++";
				CLANG_ENABLE_MODULES = YES;
				CLANG_ENABLE_OBJC_ARC = YES;
				CLANG_WARN_BOOL_CONVERSION = YES;
				CLANG_WARN_CONSTANT_CONVERSION = YES;
				CLANG_WARN_DIRECT_OBJC_ISA_USAGE = YES_ERROR;
				CLANG_WARN_EMPTY_BODY = YES;
				CLANG_WARN_ENUM_CONVERSION = YES;
				CLANG_WARN_INT_CONVERSION = YES;
				CLANG_WARN_OBJC_ROOT_CLASS = YES_ERROR;
				CLANG_WARN_UNREACHABLE_CODE = YES;
				CLANG_WARN__DUPLICATE_METHOD_MATCH = YES;
				"CODE_SIGN_IDENTITY[sdk=iphoneos*]" = "iPhone Developer";
				COPY_PHASE_STRIP = NO;
				DEBUG_INFORMATION_FORMAT = "dwarf-with-dsym";
				ENABLE_NS_ASSERTIONS = NO;
				ENABLE_STRICT_OBJC_MSGSEND = YES;
				GCC_C_LANGUAGE_STANDARD = gnu99;
				GCC_NO_COMMON_BLOCKS = YES;
				GCC_WARN_64_TO_32_BIT_CONVERSION = YES;
				GCC_WARN_ABOUT_RETURN_TYPE = YES_ERROR;
				GCC_WARN_UNDECLARED_SELECTOR = YES;
				GCC_WARN_UNINITIALIZED_AUTOS = YES_AGGRESSIVE;
				GCC_WARN_UNUSED_FUNCTION = YES;
				GCC_WARN_UNUSED_VARIABLE = YES;
				IPHONEOS_DEPLOYMENT_TARGET = 9.1;
				MTL_ENABLE_DEBUG_INFO = NO;
				SDKROOT = iphoneos;
				VALIDATE_PRODUCT = YES;
			};
			name = Release;
		};
		5069D3F51C04939E006C63EE /* Debug */ = {
			isa = XCBuildConfiguration;
			buildSettings = {
				ASSETCATALOG_COMPILER_APPICON_NAME = AppIcon;
				INFOPLIST_FILE = "超级猜图/Info.plist";
				LD_RUNPATH_SEARCH_PATHS = "$(inherited) @executable_path/Frameworks";
				PRODUCT_BUNDLE_IDENTIFIER = "angelowang.----";
				PRODUCT_NAME = "$(TARGET_NAME)";
			};
			name = Debug;
		};
		5069D3F61C04939E006C63EE /* Release */ = {
			isa = XCBuildConfiguration;
			buildSettings = {
				ASSETCATALOG_COMPILER_APPICON_NAME = AppIcon;
				INFOPLIST_FILE = "超级猜图/Info.plist";
				LD_RUNPATH_SEARCH_PATHS = "$(inherited) @executable_path/Frameworks";
				PRODUCT_BUNDLE_IDENTIFIER = "angelowang.----";
				PRODUCT_NAME = "$(TARGET_NAME)";
			};
			name = Release;
		};
/* End XCBuildConfiguration section */

/* Begin XCConfigurationList section */
		5069D3D81C04939E006C63EE /* Build configuration list for PBXProject "超级猜图" */ = {
			isa = XCConfigurationList;
			buildConfigurations = (
				5069D3F21C04939E006C63EE /* Debug */,
				5069D3F31C04939E006C63EE /* Release */,
			);
			defaultConfigurationIsVisible = 0;
			defaultConfigurationName = Release;
		};
		5069D3F41C04939E006C63EE /* Build configuration list for PBXNativeTarget "超级猜图" */ = {
			isa = XCConfigurationList;
			buildConfigurations = (
				5069D3F51C04939E006C63EE /* Debug */,
				5069D3F61C04939E006C63EE /* Release */,
			);
			defaultConfigurationIsVisible = 0;
			defaultConfigurationName = Release;
		};
/* End XCConfigurationList section */
	};
	rootObject = 5069D3D51C04939E006C63EE /* Project object */;
}
